PODS:
  - GBViewCollectionKit (0.1.0)

DEPENDENCIES:
  - GBViewCollectionKit (from `../`)

EXTERNAL SOURCES:
  GBViewCollectionKit:
    :path: "../"

SPEC CHECKSUMS:
  GBViewCollectionKit: 401ae40b0a10115a6d1ceb0acedb0e7d62105bb9

PODFILE CHECKSUM: 46167967a7e9e61132a50cc1b6e94d428fdb949b

COCOAPODS: 1.5.0
