PODS:
  - GBViewCollectionKit (0.0.3)

DEPENDENCIES:
  - GBViewCollectionKit (from `../`)

EXTERNAL SOURCES:
  GBViewCollectionKit:
    :path: ../

SPEC CHECKSUMS:
  GBViewCollectionKit: d92800383f2ed11774606cb9ef0b539a9bde99c8

PODFILE CHECKSUM: 46167967a7e9e61132a50cc1b6e94d428fdb949b

COCOAPODS: 1.4.0
