PODS:
  - GBViewCollectionKit (0.2.12)

DEPENDENCIES:
  - GBViewCollectionKit (from `../`)

EXTERNAL SOURCES:
  GBViewCollectionKit:
    :path: "../"

SPEC CHECKSUMS:
  GBViewCollectionKit: 9089c388a48f9866234f519fc87bc3572a32322d

PODFILE CHECKSUM: 9a0d43cc44e2ece1945dec6812516a7cf15f923c

COCOAPODS: 1.10.2
