// !$*UTF8*$!
{
	archiveVersion = 1;
	classes = {
	};
	objectVersion = 48;
	objects = {

/* Begin PBXBuildFile section */
		558417A8B0A6FDFB4AA669F0 /* Pods_GBViewCollectionKitTests.framework in Frameworks */ = {isa = PBXBuildFile; fileRef = 981D1DF45A6547E0BA775CA5 /* Pods_GBViewCollectionKitTests.framework */; };
		80BF6C07202255D200B0951F /* GBViewCollectionKit.swift in Sources */ = {isa = PBXBuildFile; fileRef = 80BF6C06202255D200B0951F /* GBViewCollectionKit.swift */; };
/* End PBXBuildFile section */

/* Begin PBXFileReference section */
		80BF6C01202255D200B0951F /* GBViewCollectionKitTests.xctest */ = {isa = PBXFileReference; explicitFileType = wrapper.cfbundle; includeInIndex = 0; path = GBViewCollectionKitTests.xctest; sourceTree = BUILT_PRODUCTS_DIR; };
		80BF6C06202255D200B0951F /* GBViewCollectionKit.swift */ = {isa = PBXFileReference; lastKnownFileType = sourcecode.swift; path = GBViewCollectionKit.swift; sourceTree = "<group>"; };
		80BF6C08202255D200B0951F /* Info.plist */ = {isa = PBXFileReference; lastKnownFileType = text.plist.xml; path = Info.plist; sourceTree = "<group>"; };
		80BF6C12202258E000B0951F /* GBViewCollectionKit.podspec */ = {isa = PBXFileReference; fileEncoding = 4; lastKnownFileType = text; path = GBViewCollectionKit.podspec; sourceTree = "<group>"; xcLanguageSpecificationIdentifier = xcode.lang.ruby; };
		80BF6C13202258E000B0951F /* LICENSE */ = {isa = PBXFileReference; fileEncoding = 4; lastKnownFileType = text; path = LICENSE; sourceTree = "<group>"; };
		80BF6C14202258E000B0951F /* README.md */ = {isa = PBXFileReference; fileEncoding = 4; lastKnownFileType = net.daringfireball.markdown; path = README.md; sourceTree = "<group>"; };
		890A5FCFA971221AC5B5F934 /* Pods-GBViewCollectionKitTests.debug.xcconfig */ = {isa = PBXFileReference; includeInIndex = 1; lastKnownFileType = text.xcconfig; name = "Pods-GBViewCollectionKitTests.debug.xcconfig"; path = "Pods/Target Support Files/Pods-GBViewCollectionKitTests/Pods-GBViewCollectionKitTests.debug.xcconfig"; sourceTree = "<group>"; };
		981D1DF45A6547E0BA775CA5 /* Pods_GBViewCollectionKitTests.framework */ = {isa = PBXFileReference; explicitFileType = wrapper.framework; includeInIndex = 0; path = Pods_GBViewCollectionKitTests.framework; sourceTree = BUILT_PRODUCTS_DIR; };
		9FF83735372E16245E377071 /* Pods-GBViewCollectionKitTests.release.xcconfig */ = {isa = PBXFileReference; includeInIndex = 1; lastKnownFileType = text.xcconfig; name = "Pods-GBViewCollectionKitTests.release.xcconfig"; path = "Pods/Target Support Files/Pods-GBViewCollectionKitTests/Pods-GBViewCollectionKitTests.release.xcconfig"; sourceTree = "<group>"; };
/* End PBXFileReference section */

/* Begin PBXFrameworksBuildPhase section */
		80BF6BFE202255D200B0951F /* Frameworks */ = {
			isa = PBXFrameworksBuildPhase;
			buildActionMask = 2147483647;
			files = (
				558417A8B0A6FDFB4AA669F0 /* Pods_GBViewCollectionKitTests.framework in Frameworks */,
			);
			runOnlyForDeploymentPostprocessing = 0;
		};
/* End PBXFrameworksBuildPhase section */

/* Begin PBXGroup section */
		5AE76FEFBDEF4E66E42450A7 /* Frameworks */ = {
			isa = PBXGroup;
			children = (
				981D1DF45A6547E0BA775CA5 /* Pods_GBViewCollectionKitTests.framework */,
			);
			name = Frameworks;
			sourceTree = "<group>";
		};
		80BF6BEE202255D100B0951F = {
			isa = PBXGroup;
			children = (
				80BF6C1920225A7100B0951F /* Podspec Metadata */,
				80BF6C05202255D200B0951F /* GBCollectionViewKitTests */,
				80BF6BF9202255D200B0951F /* Products */,
				F6A59EEC70697A2AA48DFC7A /* Pods */,
				5AE76FEFBDEF4E66E42450A7 /* Frameworks */,
			);
			sourceTree = "<group>";
		};
		80BF6BF9202255D200B0951F /* Products */ = {
			isa = PBXGroup;
			children = (
				80BF6C01202255D200B0951F /* GBViewCollectionKitTests.xctest */,
			);
			name = Products;
			sourceTree = "<group>";
		};
		80BF6C05202255D200B0951F /* GBCollectionViewKitTests */ = {
			isa = PBXGroup;
			children = (
				80BF6C06202255D200B0951F /* GBViewCollectionKit.swift */,
				80BF6C08202255D200B0951F /* Info.plist */,
			);
			name = GBCollectionViewKitTests;
			sourceTree = "<group>";
		};
		80BF6C1920225A7100B0951F /* Podspec Metadata */ = {
			isa = PBXGroup;
			children = (
				80BF6C12202258E000B0951F /* GBViewCollectionKit.podspec */,
				80BF6C13202258E000B0951F /* LICENSE */,
				80BF6C14202258E000B0951F /* README.md */,
			);
			name = "Podspec Metadata";
			path = ..;
			sourceTree = "<group>";
		};
		F6A59EEC70697A2AA48DFC7A /* Pods */ = {
			isa = PBXGroup;
			children = (
				890A5FCFA971221AC5B5F934 /* Pods-GBViewCollectionKitTests.debug.xcconfig */,
				9FF83735372E16245E377071 /* Pods-GBViewCollectionKitTests.release.xcconfig */,
			);
			name = Pods;
			sourceTree = "<group>";
		};
/* End PBXGroup section */

/* Begin PBXNativeTarget section */
		80BF6C00202255D200B0951F /* GBViewCollectionKitTests */ = {
			isa = PBXNativeTarget;
			buildConfigurationList = 80BF6C0F202255D200B0951F /* Build configuration list for PBXNativeTarget "GBViewCollectionKitTests" */;
			buildPhases = (
				87960BF522CFA06D5AFC53CD /* [CP] Check Pods Manifest.lock */,
				80BF6BFD202255D200B0951F /* Sources */,
				80BF6BFE202255D200B0951F /* Frameworks */,
				80BF6BFF202255D200B0951F /* Resources */,
				AD4B455469818993A9D4FFF5 /* [CP] Embed Pods Frameworks */,
			);
			buildRules = (
			);
			dependencies = (
			);
			name = GBViewCollectionKitTests;
			productName = GBCollectionViewKitTests;
			productReference = 80BF6C01202255D200B0951F /* GBViewCollectionKitTests.xctest */;
			productType = "com.apple.product-type.bundle.unit-test";
		};
/* End PBXNativeTarget section */

/* Begin PBXProject section */
		80BF6BEF202255D100B0951F /* Project object */ = {
			isa = PBXProject;
			attributes = {
				LastSwiftUpdateCheck = 0920;
				LastUpgradeCheck = 1010;
				ORGANIZATIONNAME = "Gennady Berezovsky";
				TargetAttributes = {
					80BF6C00202255D200B0951F = {
						CreatedOnToolsVersion = 9.2;
						ProvisioningStyle = Automatic;
					};
				};
			};
			buildConfigurationList = 80BF6BF2202255D100B0951F /* Build configuration list for PBXProject "GBViewCollectionKit" */;
			compatibilityVersion = "Xcode 8.0";
			developmentRegion = en;
			hasScannedForEncodings = 0;
			knownRegions = (
				en,
			);
			mainGroup = 80BF6BEE202255D100B0951F;
			productRefGroup = 80BF6BF9202255D200B0951F /* Products */;
			projectDirPath = "";
			projectRoot = "";
			targets = (
				80BF6C00202255D200B0951F /* GBViewCollectionKitTests */,
			);
		};
/* End PBXProject section */

/* Begin PBXResourcesBuildPhase section */
		80BF6BFF202255D200B0951F /* Resources */ = {
			isa = PBXResourcesBuildPhase;
			buildActionMask = 2147483647;
			files = (
			);
			runOnlyForDeploymentPostprocessing = 0;
		};
/* End PBXResourcesBuildPhase section */

/* Begin PBXShellScriptBuildPhase section */
		87960BF522CFA06D5AFC53CD /* [CP] Check Pods Manifest.lock */ = {
			isa = PBXShellScriptBuildPhase;
			buildActionMask = 2147483647;
			files = (
			);
			inputPaths = (
				"${PODS_PODFILE_DIR_PATH}/Podfile.lock",
				"${PODS_ROOT}/Manifest.lock",
			);
			name = "[CP] Check Pods Manifest.lock";
			outputPaths = (
				"$(DERIVED_FILE_DIR)/Pods-GBViewCollectionKitTests-checkManifestLockResult.txt",
			);
			runOnlyForDeploymentPostprocessing = 0;
			shellPath = /bin/sh;
			shellScript = "diff \"${PODS_PODFILE_DIR_PATH}/Podfile.lock\" \"${PODS_ROOT}/Manifest.lock\" > /dev/null\nif [ $? != 0 ] ; then\n    # print error to STDERR\n    echo \"error: The sandbox is not in sync with the Podfile.lock. Run 'pod install' or update your CocoaPods installation.\" >&2\n    exit 1\nfi\n# This output is used by Xcode 'outputs' to avoid re-running this script phase.\necho \"SUCCESS\" > \"${SCRIPT_OUTPUT_FILE_0}\"\n";
			showEnvVarsInLog = 0;
		};
		AD4B455469818993A9D4FFF5 /* [CP] Embed Pods Frameworks */ = {
			isa = PBXShellScriptBuildPhase;
			buildActionMask = 2147483647;
			files = (
			);
			inputPaths = (
				"${SRCROOT}/Pods/Target Support Files/Pods-GBViewCollectionKitTests/Pods-GBViewCollectionKitTests-frameworks.sh",
				"${BUILT_PRODUCTS_DIR}/GBViewCollectionKit/GBViewCollectionKit.framework",
			);
			name = "[CP] Embed Pods Frameworks";
			outputPaths = (
				"${TARGET_BUILD_DIR}/${FRAMEWORKS_FOLDER_PATH}/GBViewCollectionKit.framework",
			);
			runOnlyForDeploymentPostprocessing = 0;
			shellPath = /bin/sh;
			shellScript = "\"${SRCROOT}/Pods/Target Support Files/Pods-GBViewCollectionKitTests/Pods-GBViewCollectionKitTests-frameworks.sh\"\n";
			showEnvVarsInLog = 0;
		};
/* End PBXShellScriptBuildPhase section */

/* Begin PBXSourcesBuildPhase section */
		80BF6BFD202255D200B0951F /* Sources */ = {
			isa = PBXSourcesBuildPhase;
			buildActionMask = 2147483647;
			files = (
				80BF6C07202255D200B0951F /* GBViewCollectionKit.swift in Sources */,
			);
			runOnlyForDeploymentPostprocessing = 0;
		};
/* End PBXSourcesBuildPhase section */

/* Begin XCBuildConfiguration section */
		80BF6C0A202255D200B0951F /* Debug */ = {
			isa = XCBuildConfiguration;
			buildSettings = {
				ALWAYS_SEARCH_USER_PATHS = NO;
				CLANG_ANALYZER_NONNULL = YES;
				CLANG_ANALYZER_NUMBER_OBJECT_CONVERSION = YES_AGGRESSIVE;
				CLANG_CXX_LANGUAGE_STANDARD = "gnu++14";
				CLANG_CXX_LIBRARY = "libc++";
				CLANG_ENABLE_MODULES = YES;
				CLANG_ENABLE_OBJC_ARC = YES;
				CLANG_WARN_BLOCK_CAPTURE_AUTORELEASING = YES;
				CLANG_WARN_BOOL_CONVERSION = YES;
				CLANG_WARN_COMMA = YES;
				CLANG_WARN_CONSTANT_CONVERSION = YES;
				CLANG_WARN_DEPRECATED_OBJC_IMPLEMENTATIONS = YES;
				CLANG_WARN_DIRECT_OBJC_ISA_USAGE = YES_ERROR;
				CLANG_WARN_DOCUMENTATION_COMMENTS = YES;
				CLANG_WARN_EMPTY_BODY = YES;
				CLANG_WARN_ENUM_CONVERSION = YES;
				CLANG_WARN_INFINITE_RECURSION = YES;
				CLANG_WARN_INT_CONVERSION = YES;
				CLANG_WARN_NON_LITERAL_NULL_CONVERSION = YES;
				CLANG_WARN_OBJC_IMPLICIT_RETAIN_SELF = YES;
				CLANG_WARN_OBJC_LITERAL_CONVERSION = YES;
				CLANG_WARN_OBJC_ROOT_CLASS = YES_ERROR;
				CLANG_WARN_RANGE_LOOP_ANALYSIS = YES;
				CLANG_WARN_STRICT_PROTOTYPES = YES;
				CLANG_WARN_SUSPICIOUS_MOVE = YES;
				CLANG_WARN_UNGUARDED_AVAILABILITY = YES_AGGRESSIVE;
				CLANG_WARN_UNREACHABLE_CODE = YES;
				CLANG_WARN__DUPLICATE_METHOD_MATCH = YES;
				CODE_SIGN_IDENTITY = "iPhone Developer";
				COPY_PHASE_STRIP = NO;
				CURRENT_PROJECT_VERSION = 1;
				DEBUG_INFORMATION_FORMAT = dwarf;
				ENABLE_STRICT_OBJC_MSGSEND = YES;
				ENABLE_TESTABILITY = YES;
				GCC_C_LANGUAGE_STANDARD = gnu11;
				GCC_DYNAMIC_NO_PIC = NO;
				GCC_NO_COMMON_BLOCKS = YES;
				GCC_OPTIMIZATION_LEVEL = 0;
				GCC_PREPROCESSOR_DEFINITIONS = (
					"DEBUG=1",
					"$(inherited)",
				);
				GCC_WARN_64_TO_32_BIT_CONVERSION = YES;
				GCC_WARN_ABOUT_RETURN_TYPE = YES_ERROR;
				GCC_WARN_UNDECLARED_SELECTOR = YES;
				GCC_WARN_UNINITIALIZED_AUTOS = YES_AGGRESSIVE;
				GCC_WARN_UNUSED_FUNCTION = YES;
				GCC_WARN_UNUSED_VARIABLE = YES;
				IPHONEOS_DEPLOYMENT_TARGET = 11.2;
				MTL_ENABLE_DEBUG_INFO = YES;
				ONLY_ACTIVE_ARCH = YES;
				SDKROOT = iphoneos;
				SWIFT_ACTIVE_COMPILATION_CONDITIONS = DEBUG;
				SWIFT_OPTIMIZATION_LEVEL = "-Onone";
				VERSIONING_SYSTEM = "apple-generic";
				VERSION_INFO_PREFIX = "";
			};
			name = Debug;
		};
		80BF6C0B202255D200B0951F /* Release */ = {
			isa = XCBuildConfiguration;
			buildSettings = {
				ALWAYS_SEARCH_USER_PATHS = NO;
				CLANG_ANALYZER_NONNULL = YES;
				CLANG_ANALYZER_NUMBER_OBJECT_CONVERSION = YES_AGGRESSIVE;
				CLANG_CXX_LANGUAGE_STANDARD = "gnu++14";
				CLANG_CXX_LIBRARY = "libc++";
				CLANG_ENABLE_MODULES = YES;
				CLANG_ENABLE_OBJC_ARC = YES;
				CLANG_WARN_BLOCK_CAPTURE_AUTORELEASING = YES;
				CLANG_WARN_BOOL_CONVERSION = YES;
				CLANG_WARN_COMMA = YES;
				CLANG_WARN_CONSTANT_CONVERSION = YES;
				CLANG_WARN_DEPRECATED_OBJC_IMPLEMENTATIONS = YES;
				CLANG_WARN_DIRECT_OBJC_ISA_USAGE = YES_ERROR;
				CLANG_WARN_DOCUMENTATION_COMMENTS = YES;
				CLANG_WARN_EMPTY_BODY = YES;
				CLANG_WARN_ENUM_CONVERSION = YES;
				CLANG_WARN_INFINITE_RECURSION = YES;
				CLANG_WARN_INT_CONVERSION = YES;
				CLANG_WARN_NON_LITERAL_NULL_CONVERSION = YES;
				CLANG_WARN_OBJC_IMPLICIT_RETAIN_SELF = YES;
				CLANG_WARN_OBJC_LITERAL_CONVERSION = YES;
				CLANG_WARN_OBJC_ROOT_CLASS = YES_ERROR;
				CLANG_WARN_RANGE_LOOP_ANALYSIS = YES;
				CLANG_WARN_STRICT_PROTOTYPES = YES;
				CLANG_WARN_SUSPICIOUS_MOVE = YES;
				CLANG_WARN_UNGUARDED_AVAILABILITY = YES_AGGRESSIVE;
				CLANG_WARN_UNREACHABLE_CODE = YES;
				CLANG_WARN__DUPLICATE_METHOD_MATCH = YES;
				CODE_SIGN_IDENTITY = "iPhone Developer";
				COPY_PHASE_STRIP = NO;
				CURRENT_PROJECT_VERSION = 1;
				DEBUG_INFORMATION_FORMAT = "dwarf-with-dsym";
				ENABLE_NS_ASSERTIONS = NO;
				ENABLE_STRICT_OBJC_MSGSEND = YES;
				GCC_C_LANGUAGE_STANDARD = gnu11;
				GCC_NO_COMMON_BLOCKS = YES;
				GCC_WARN_64_TO_32_BIT_CONVERSION = YES;
				GCC_WARN_ABOUT_RETURN_TYPE = YES_ERROR;
				GCC_WARN_UNDECLARED_SELECTOR = YES;
				GCC_WARN_UNINITIALIZED_AUTOS = YES_AGGRESSIVE;
				GCC_WARN_UNUSED_FUNCTION = YES;
				GCC_WARN_UNUSED_VARIABLE = YES;
				IPHONEOS_DEPLOYMENT_TARGET = 11.2;
				MTL_ENABLE_DEBUG_INFO = NO;
				SDKROOT = iphoneos;
				SWIFT_OPTIMIZATION_LEVEL = "-Owholemodule";
				VALIDATE_PRODUCT = YES;
				VERSIONING_SYSTEM = "apple-generic";
				VERSION_INFO_PREFIX = "";
			};
			name = Release;
		};
		80BF6C10202255D200B0951F /* Debug */ = {
			isa = XCBuildConfiguration;
			baseConfigurationReference = 890A5FCFA971221AC5B5F934 /* Pods-GBViewCollectionKitTests.debug.xcconfig */;
			buildSettings = {
				CODE_SIGN_STYLE = Automatic;
				DEVELOPMENT_TEAM = 36Q9FWEV7U;
				INFOPLIST_FILE = Info.plist;
				LD_RUNPATH_SEARCH_PATHS = "$(inherited) @executable_path/Frameworks @loader_path/Frameworks";
				PRODUCT_BUNDLE_IDENTIFIER = com.aiwo.de.GBCollectionViewKitTests;
				PRODUCT_NAME = "$(TARGET_NAME)";
				SWIFT_VERSION = 4.0;
				TARGETED_DEVICE_FAMILY = "1,2";
			};
			name = Debug;
		};
		80BF6C11202255D200B0951F /* Release */ = {
			isa = XCBuildConfiguration;
			baseConfigurationReference = 9FF83735372E16245E377071 /* Pods-GBViewCollectionKitTests.release.xcconfig */;
			buildSettings = {
				CODE_SIGN_STYLE = Automatic;
				DEVELOPMENT_TEAM = 36Q9FWEV7U;
				INFOPLIST_FILE = Info.plist;
				LD_RUNPATH_SEARCH_PATHS = "$(inherited) @executable_path/Frameworks @loader_path/Frameworks";
				PRODUCT_BUNDLE_IDENTIFIER = com.aiwo.de.GBCollectionViewKitTests;
				PRODUCT_NAME = "$(TARGET_NAME)";
				SWIFT_VERSION = 4.0;
				TARGETED_DEVICE_FAMILY = "1,2";
			};
			name = Release;
		};
/* End XCBuildConfiguration section */

/* Begin XCConfigurationList section */
		80BF6BF2202255D100B0951F /* Build configuration list for PBXProject "GBViewCollectionKit" */ = {
			isa = XCConfigurationList;
			buildConfigurations = (
				80BF6C0A202255D200B0951F /* Debug */,
				80BF6C0B202255D200B0951F /* Release */,
			);
			defaultConfigurationIsVisible = 0;
			defaultConfigurationName = Release;
		};
		80BF6C0F202255D200B0951F /* Build configuration list for PBXNativeTarget "GBViewCollectionKitTests" */ = {
			isa = XCConfigurationList;
			buildConfigurations = (
				80BF6C10202255D200B0951F /* Debug */,
				80BF6C11202255D200B0951F /* Release */,
			);
			defaultConfigurationIsVisible = 0;
			defaultConfigurationName = Release;
		};
/* End XCConfigurationList section */
	};
	rootObject = 80BF6BEF202255D100B0951F /* Project object */;
}
